
Microsoft Visual Studio Solution File, Format Version 12.00
# Visual Studio Version 16
VisualStudioVersion = 16.0.32802.440
MinimumVisualStudioVersion = 10.0.40219.1
Project("{FAE04EC0-301F-11D3-BF4B-00C04F79EFBC}") = "wimforms", "wimforms\wimforms.csproj", "{F11EE684-629D-4331-BE22-39B530D26E11}"
EndProject
Global
	GlobalSection(SolutionConfigurationPlatforms) = preSolution
		Debug|Any CPU = Debug|Any CPU
		Release|Any CPU = Release|Any CPU
	EndGlobalSection
	GlobalSection(ProjectConfigurationPlatforms) = postSolution
		{F11EE684-629D-4331-BE22-39B530D26E11}.Debug|Any CPU.ActiveCfg = Debug|Any CPU
		{F11EE684-629D-4331-BE22-39B530D26E11}.Debug|Any CPU.Build.0 = Debug|Any CPU
		{F11EE684-629D-4331-BE22-39B530D26E11}.Release|Any CPU.ActiveCfg = Release|Any CPU
		{F11EE684-629D-4331-BE22-39B530D26E11}.Release|Any CPU.Build.0 = Release|Any CPU
	EndGlobalSection
	GlobalSection(SolutionProperties) = preSolution
		HideSolutionNode = FALSE
	EndGlobalSection
	GlobalSection(ExtensibilityGlobals) = postSolution
		SolutionGuid = {EB8BED23-BBA5-495D-B7BB-DE0CF5EBFD55}
	EndGlobalSection
EndGlobal
